
Microsoft Visual Studio Solution File, Format Version 12.00
# Visual Studio 2013
VisualStudioVersion = 12.0.40629.0
MinimumVisualStudioVersion = 10.0.40219.1
Project("{FAE04EC0-301F-11D3-BF4B-00C04F79EFBC}") = "calc", "calc\calc.csproj", "{B5561E77-AD7E-44F8-8F22-FE3B8D4235CF}"
EndProject
Project("{FAE04EC0-301F-11D3-BF4B-00C04F79EFBC}") = "calc.test", "calc.test\calc.test.csproj", "{5495300F-A071-45D4-A66B-13CD15997640}"
EndProject
Project("{2150E333-8FDC-42A3-9474-1A3956D46DE8}") = "Core", "Core", "{942BE458-5645-46F6-901C-FAEFA6114CA0}"
EndProject
Project("{2150E333-8FDC-42A3-9474-1A3956D46DE8}") = "Forms", "Forms", "{768366D8-822D-4263-9422-EC3400848C66}"
EndProject
Project("{FAE04EC0-301F-11D3-BF4B-00C04F79EFBC}") = "Calculator", "WindowsFormsApplication1\Calculator.csproj", "{9D472D26-EB2B-45FA-AFE2-88E2F049F797}"
EndProject
Project("{2150E333-8FDC-42A3-9474-1A3956D46DE8}") = "Web", "Web", "{162A5629-E087-4241-8672-B9EAB9091F3D}"
EndProject
Project("{FAE04EC0-301F-11D3-BF4B-00C04F79EFBC}") = "WebCalc", "WebCalc\WebCalc.csproj", "{CD61EA2E-BA64-43BE-BAB2-D77D4FC409BF}"
EndProject
Global
	GlobalSection(SolutionConfigurationPlatforms) = preSolution
		Debug|Any CPU = Debug|Any CPU
		Release|Any CPU = Release|Any CPU
	EndGlobalSection
	GlobalSection(ProjectConfigurationPlatforms) = postSolution
		{B5561E77-AD7E-44F8-8F22-FE3B8D4235CF}.Debug|Any CPU.ActiveCfg = Debug|Any CPU
		{B5561E77-AD7E-44F8-8F22-FE3B8D4235CF}.Debug|Any CPU.Build.0 = Debug|Any CPU
		{B5561E77-AD7E-44F8-8F22-FE3B8D4235CF}.Release|Any CPU.ActiveCfg = Release|Any CPU
		{B5561E77-AD7E-44F8-8F22-FE3B8D4235CF}.Release|Any CPU.Build.0 = Release|Any CPU
		{5495300F-A071-45D4-A66B-13CD15997640}.Debug|Any CPU.ActiveCfg = Debug|Any CPU
		{5495300F-A071-45D4-A66B-13CD15997640}.Debug|Any CPU.Build.0 = Debug|Any CPU
		{5495300F-A071-45D4-A66B-13CD15997640}.Release|Any CPU.ActiveCfg = Release|Any CPU
		{5495300F-A071-45D4-A66B-13CD15997640}.Release|Any CPU.Build.0 = Release|Any CPU
		{9D472D26-EB2B-45FA-AFE2-88E2F049F797}.Debug|Any CPU.ActiveCfg = Debug|Any CPU
		{9D472D26-EB2B-45FA-AFE2-88E2F049F797}.Debug|Any CPU.Build.0 = Debug|Any CPU
		{9D472D26-EB2B-45FA-AFE2-88E2F049F797}.Release|Any CPU.ActiveCfg = Release|Any CPU
		{9D472D26-EB2B-45FA-AFE2-88E2F049F797}.Release|Any CPU.Build.0 = Release|Any CPU
		{CD61EA2E-BA64-43BE-BAB2-D77D4FC409BF}.Debug|Any CPU.ActiveCfg = Debug|Any CPU
		{CD61EA2E-BA64-43BE-BAB2-D77D4FC409BF}.Debug|Any CPU.Build.0 = Debug|Any CPU
		{CD61EA2E-BA64-43BE-BAB2-D77D4FC409BF}.Release|Any CPU.ActiveCfg = Release|Any CPU
		{CD61EA2E-BA64-43BE-BAB2-D77D4FC409BF}.Release|Any CPU.Build.0 = Release|Any CPU
	EndGlobalSection
	GlobalSection(SolutionProperties) = preSolution
		HideSolutionNode = FALSE
	EndGlobalSection
	GlobalSection(NestedProjects) = preSolution
		{B5561E77-AD7E-44F8-8F22-FE3B8D4235CF} = {942BE458-5645-46F6-901C-FAEFA6114CA0}
		{5495300F-A071-45D4-A66B-13CD15997640} = {942BE458-5645-46F6-901C-FAEFA6114CA0}
		{9D472D26-EB2B-45FA-AFE2-88E2F049F797} = {768366D8-822D-4263-9422-EC3400848C66}
		{CD61EA2E-BA64-43BE-BAB2-D77D4FC409BF} = {162A5629-E087-4241-8672-B9EAB9091F3D}
	EndGlobalSection
EndGlobal
